
Microsoft Visual Studio Solution File, Format Version 11.00
# Visual Studio 2010
Project("{FAE04EC0-301F-11D3-BF4B-00C04F79EFBC}") = "WcfServiceMuseumNew", "WcfServiceMuseumNew\WcfServiceMuseumNew.csproj", "{7C71AC9C-6F74-4FC0-B019-A1FF1C3341FD}"
EndProject
Global
	GlobalSection(SolutionConfigurationPlatforms) = preSolution
		Debug|Any CPU = Debug|Any CPU
		Release|Any CPU = Release|Any CPU
	EndGlobalSection
	GlobalSection(ProjectConfigurationPlatforms) = postSolution
		{7C71AC9C-6F74-4FC0-B019-A1FF1C3341FD}.Debug|Any CPU.ActiveCfg = Debug|Any CPU
		{7C71AC9C-6F74-4FC0-B019-A1FF1C3341FD}.Debug|Any CPU.Build.0 = Debug|Any CPU
		{7C71AC9C-6F74-4FC0-B019-A1FF1C3341FD}.Release|Any CPU.ActiveCfg = Release|Any CPU
		{7C71AC9C-6F74-4FC0-B019-A1FF1C3341FD}.Release|Any CPU.Build.0 = Release|Any CPU
	EndGlobalSection
	GlobalSection(SolutionProperties) = preSolution
		HideSolutionNode = FALSE
	EndGlobalSection
EndGlobal
